{
  "name": "google-maps-api-demo",
  "version": "0.0.0",
  "lockfileVersion": 1,
  "requires": true,
  "dependencies": {
    "@types/googlemaps": {
      "version": "3.30.5",
      "resolved": "https://registry.npmjs.org/@types/googlemaps/-/googlemaps-3.30.5.tgz",
      "integrity": "sha512-yqxL4dD5T5XzW/TA0io3gRTvsaLzlVXuOZi2weus/7XP2wUciTd1HjCP8B1e2SbdOk9TOTwgpRtagkXn/2AF3Q=="
    },
    "bootstrap": {
      "version": "4.0.0-beta",
      "resolved": "https://registry.npmjs.org/bootstrap/-/bootstrap-4.0.0-beta.tgz",
      "integrity": "sha512-I/r3fYtUZr+rUNkh8HI+twxZ56p6ehNn27eA1XSebLVQKAJ2xZHnEvZrSR+UR2A/bONcd9gHC3xatVhQlH6R6w=="
    }
  }
}
